// !$*UTF8*$!
{
	archiveVersion = 1;
	classes = {
	};
	objectVersion = 46;
	objects = {

/* Begin PBXBuildFile section */
		DCFCC2BA1B66256C00A8EE94 /* main.m in Sources */ = {isa = PBXBuildFile; fileRef = DCFCC2B91B66256C00A8EE94 /* main.m */; };
		DCFCC2BD1B66256C00A8EE94 /* AppDelegate.m in Sources */ = {isa = PBXBuildFile; fileRef = DCFCC2BC1B66256C00A8EE94 /* AppDelegate.m */; };
		DCFCC2C01B66256C00A8EE94 /* ViewController.m in Sources */ = {isa = PBXBuildFile; fileRef = DCFCC2BF1B66256C00A8EE94 /* ViewController.m */; };
		DCFCC2C31B66256C00A8EE94 /* Main.storyboard in Resources */ = {isa = PBXBuildFile; fileRef = DCFCC2C11B66256C00A8EE94 /* Main.storyboard */; };
		DCFCC2C51B66256C00A8EE94 /* Images.xcassets in Resources */ = {isa = PBXBuildFile; fileRef = DCFCC2C41B66256C00A8EE94 /* Images.xcassets */; };
		DCFCC2C81B66256C00A8EE94 /* LaunchScreen.xib in Resources */ = {isa = PBXBuildFile; fileRef = DCFCC2C61B66256C00A8EE94 /* LaunchScreen.xib */; };
		DCFCC2D41B66256C00A8EE94 /* _1_____Tests.m in Sources */ = {isa = PBXBuildFile; fileRef = DCFCC2D31B66256C00A8EE94 /* _1_____Tests.m */; };
/* End PBXBuildFile section */

/* Begin PBXContainerItemProxy section */
		DCFCC2CE1B66256C00A8EE94 /* PBXContainerItemProxy */ = {
			isa = PBXContainerItemProxy;
			containerPortal = DCFCC2AC1B66256C00A8EE94 /* Project object */;
			proxyType = 1;
			remoteGlobalIDString = DCFCC2B31B66256C00A8EE94;
			remoteInfo = "01加法计算器";
		};
/* End PBXContainerItemProxy section */

/* Begin PBXFileReference section */
		DCFCC2B41B66256C00A8EE94 /* 01加法计算器.app */ = {isa = PBXFileReference; explicitFileType = wrapper.application; includeInIndex = 0; path = "01加法计算器.app"; sourceTree = BUILT_PRODUCTS_DIR; };
		DCFCC2B81B66256C00A8EE94 /* Info.plist */ = {isa = PBXFileReference; lastKnownFileType = text.plist.xml; path = Info.plist; sourceTree = "<group>"; };
		DCFCC2B91B66256C00A8EE94 /* main.m */ = {isa = PBXFileReference; lastKnownFileType = sourcecode.c.objc; path = main.m; sourceTree = "<group>"; };
		DCFCC2BB1B66256C00A8EE94 /* AppDelegate.h */ = {isa = PBXFileReference; lastKnownFileType = sourcecode.c.h; path = AppDelegate.h; sourceTree = "<group>"; };
		DCFCC2BC1B66256C00A8EE94 /* AppDelegate.m */ = {isa = PBXFileReference; lastKnownFileType = sourcecode.c.objc; path = AppDelegate.m; sourceTree = "<group>"; };
		DCFCC2BE1B66256C00A8EE94 /* ViewController.h */ = {isa = PBXFileReference; lastKnownFileType = sourcecode.c.h; path = ViewController.h; sourceTree = "<group>"; };
		DCFCC2BF1B66256C00A8EE94 /* ViewController.m */ = {isa = PBXFileReference; lastKnownFileType = sourcecode.c.objc; path = ViewController.m; sourceTree = "<group>"; };
		DCFCC2C21B66256C00A8EE94 /* Base */ = {isa = PBXFileReference; lastKnownFileType = file.storyboard; name = Base; path = Base.lproj/Main.storyboard; sourceTree = "<group>"; };
		DCFCC2C41B66256C00A8EE94 /* Images.xcassets */ = {isa = PBXFileReference; lastKnownFileType = folder.assetcatalog; path = Images.xcassets; sourceTree = "<group>"; };
		DCFCC2C71B66256C00A8EE94 /* Base */ = {isa = PBXFileReference; lastKnownFileType = file.xib; name = Base; path = Base.lproj/LaunchScreen.xib; sourceTree = "<group>"; };
		DCFCC2CD1B66256C00A8EE94 /* 01加法计算器Tests.xctest */ = {isa = PBXFileReference; explicitFileType = wrapper.cfbundle; includeInIndex = 0; path = "01加法计算器Tests.xctest"; sourceTree = BUILT_PRODUCTS_DIR; };
		DCFCC2D21B66256C00A8EE94 /* Info.plist */ = {isa = PBXFileReference; lastKnownFileType = text.plist.xml; path = Info.plist; sourceTree = "<group>"; };
		DCFCC2D31B66256C00A8EE94 /* _1_____Tests.m */ = {isa = PBXFileReference; lastKnownFileType = sourcecode.c.objc; path = "_1_____Tests.m"; sourceTree = "<group>"; };
/* End PBXFileReference section */

/* Begin PBXFrameworksBuildPhase section */
		DCFCC2B11B66256C00A8EE94 /* Frameworks */ = {
			isa = PBXFrameworksBuildPhase;
			buildActionMask = 2147483647;
			files = (
			);
			runOnlyForDeploymentPostprocessing = 0;
		};
		DCFCC2CA1B66256C00A8EE94 /* Frameworks */ = {
			isa = PBXFrameworksBuildPhase;
			buildActionMask = 2147483647;
			files = (
			);
			runOnlyForDeploymentPostprocessing = 0;
		};
/* End PBXFrameworksBuildPhase section */

/* Begin PBXGroup section */
		DCFCC2AB1B66256C00A8EE94 = {
			isa = PBXGroup;
			children = (
				DCFCC2B61B66256C00A8EE94 /* 01加法计算器 */,
				DCFCC2D01B66256C00A8EE94 /* 01加法计算器Tests */,
				DCFCC2B51B66256C00A8EE94 /* Products */,
			);
			sourceTree = "<group>";
		};
		DCFCC2B51B66256C00A8EE94 /* Products */ = {
			isa = PBXGroup;
			children = (
				DCFCC2B41B66256C00A8EE94 /* 01加法计算器.app */,
				DCFCC2CD1B66256C00A8EE94 /* 01加法计算器Tests.xctest */,
			);
			name = Products;
			sourceTree = "<group>";
		};
		DCFCC2B61B66256C00A8EE94 /* 01加法计算器 */ = {
			isa = PBXGroup;
			children = (
				DCFCC2BB1B66256C00A8EE94 /* AppDelegate.h */,
				DCFCC2BC1B66256C00A8EE94 /* AppDelegate.m */,
				DCFCC2BE1B66256C00A8EE94 /* ViewController.h */,
				DCFCC2BF1B66256C00A8EE94 /* ViewController.m */,
				DCFCC2C11B66256C00A8EE94 /* Main.storyboard */,
				DCFCC2C41B66256C00A8EE94 /* Images.xcassets */,
				DCFCC2C61B66256C00A8EE94 /* LaunchScreen.xib */,
				DCFCC2B71B66256C00A8EE94 /* Supporting Files */,
			);
			path = "01加法计算器";
			sourceTree = "<group>";
		};
		DCFCC2B71B66256C00A8EE94 /* Supporting Files */ = {
			isa = PBXGroup;
			children = (
				DCFCC2B81B66256C00A8EE94 /* Info.plist */,
				DCFCC2B91B66256C00A8EE94 /* main.m */,
			);
			name = "Supporting Files";
			sourceTree = "<group>";
		};
		DCFCC2D01B66256C00A8EE94 /* 01加法计算器Tests */ = {
			isa = PBXGroup;
			children = (
				DCFCC2D31B66256C00A8EE94 /* _1_____Tests.m */,
				DCFCC2D11B66256C00A8EE94 /* Supporting Files */,
			);
			path = "01加法计算器Tests";
			sourceTree = "<group>";
		};
		DCFCC2D11B66256C00A8EE94 /* Supporting Files */ = {
			isa = PBXGroup;
			children = (
				DCFCC2D21B66256C00A8EE94 /* Info.plist */,
			);
			name = "Supporting Files";
			sourceTree = "<group>";
		};
/* End PBXGroup section */

/* Begin PBXNativeTarget section */
		DCFCC2B31B66256C00A8EE94 /* 01加法计算器 */ = {
			isa = PBXNativeTarget;
			buildConfigurationList = DCFCC2D71B66256C00A8EE94 /* Build configuration list for PBXNativeTarget "01加法计算器" */;
			buildPhases = (
				DCFCC2B01B66256C00A8EE94 /* Sources */,
				DCFCC2B11B66256C00A8EE94 /* Frameworks */,
				DCFCC2B21B66256C00A8EE94 /* Resources */,
			);
			buildRules = (
			);
			dependencies = (
			);
			name = "01加法计算器";
			productName = "01加法计算器";
			productReference = DCFCC2B41B66256C00A8EE94 /* 01加法计算器.app */;
			productType = "com.apple.product-type.application";
		};
		DCFCC2CC1B66256C00A8EE94 /* 01加法计算器Tests */ = {
			isa = PBXNativeTarget;
			buildConfigurationList = DCFCC2DA1B66256C00A8EE94 /* Build configuration list for PBXNativeTarget "01加法计算器Tests" */;
			buildPhases = (
				DCFCC2C91B66256C00A8EE94 /* Sources */,
				DCFCC2CA1B66256C00A8EE94 /* Frameworks */,
				DCFCC2CB1B66256C00A8EE94 /* Resources */,
			);
			buildRules = (
			);
			dependencies = (
				DCFCC2CF1B66256C00A8EE94 /* PBXTargetDependency */,
			);
			name = "01加法计算器Tests";
			productName = "01加法计算器Tests";
			productReference = DCFCC2CD1B66256C00A8EE94 /* 01加法计算器Tests.xctest */;
			productType = "com.apple.product-type.bundle.unit-test";
		};
/* End PBXNativeTarget section */

/* Begin PBXProject section */
		DCFCC2AC1B66256C00A8EE94 /* Project object */ = {
			isa = PBXProject;
			attributes = {
				LastUpgradeCheck = 0640;
				ORGANIZATIONNAME = YaguangZhu;
				TargetAttributes = {
					DCFCC2B31B66256C00A8EE94 = {
						CreatedOnToolsVersion = 6.4;
					};
					DCFCC2CC1B66256C00A8EE94 = {
						CreatedOnToolsVersion = 6.4;
						TestTargetID = DCFCC2B31B66256C00A8EE94;
					};
				};
			};
			buildConfigurationList = DCFCC2AF1B66256C00A8EE94 /* Build configuration list for PBXProject "01加法计算器" */;
			compatibilityVersion = "Xcode 3.2";
			developmentRegion = English;
			hasScannedForEncodings = 0;
			knownRegions = (
				en,
				Base,
			);
			mainGroup = DCFCC2AB1B66256C00A8EE94;
			productRefGroup = DCFCC2B51B66256C00A8EE94 /* Products */;
			projectDirPath = "";
			projectRoot = "";
			targets = (
				DCFCC2B31B66256C00A8EE94 /* 01加法计算器 */,
				DCFCC2CC1B66256C00A8EE94 /* 01加法计算器Tests */,
			);
		};
/* End PBXProject section */

/* Begin PBXResourcesBuildPhase section */
		DCFCC2B21B66256C00A8EE94 /* Resources */ = {
			isa = PBXResourcesBuildPhase;
			buildActionMask = 2147483647;
			files = (
				DCFCC2C31B66256C00A8EE94 /* Main.storyboard in Resources */,
				DCFCC2C81B66256C00A8EE94 /* LaunchScreen.xib in Resources */,
				DCFCC2C51B66256C00A8EE94 /* Images.xcassets in Resources */,
			);
			runOnlyForDeploymentPostprocessing = 0;
		};
		DCFCC2CB1B66256C00A8EE94 /* Resources */ = {
			isa = PBXResourcesBuildPhase;
			buildActionMask = 2147483647;
			files = (
			);
			runOnlyForDeploymentPostprocessing = 0;
		};
/* End PBXResourcesBuildPhase section */

/* Begin PBXSourcesBuildPhase section */
		DCFCC2B01B66256C00A8EE94 /* Sources */ = {
			isa = PBXSourcesBuildPhase;
			buildActionMask = 2147483647;
			files = (
				DCFCC2C01B66256C00A8EE94 /* ViewController.m in Sources */,
				DCFCC2BD1B66256C00A8EE94 /* AppDelegate.m in Sources */,
				DCFCC2BA1B66256C00A8EE94 /* main.m in Sources */,
			);
			runOnlyForDeploymentPostprocessing = 0;
		};
		DCFCC2C91B66256C00A8EE94 /* Sources */ = {
			isa = PBXSourcesBuildPhase;
			buildActionMask = 2147483647;
			files = (
				DCFCC2D41B66256C00A8EE94 /* _1_____Tests.m in Sources */,
			);
			runOnlyForDeploymentPostprocessing = 0;
		};
/* End PBXSourcesBuildPhase section */

/* Begin PBXTargetDependency section */
		DCFCC2CF1B66256C00A8EE94 /* PBXTargetDependency */ = {
			isa = PBXTargetDependency;
			target = DCFCC2B31B66256C00A8EE94 /* 01加法计算器 */;
			targetProxy = DCFCC2CE1B66256C00A8EE94 /* PBXContainerItemProxy */;
		};
/* End PBXTargetDependency section */

/* Begin PBXVariantGroup section */
		DCFCC2C11B66256C00A8EE94 /* Main.storyboard */ = {
			isa = PBXVariantGroup;
			children = (
				DCFCC2C21B66256C00A8EE94 /* Base */,
			);
			name = Main.storyboard;
			sourceTree = "<group>";
		};
		DCFCC2C61B66256C00A8EE94 /* LaunchScreen.xib */ = {
			isa = PBXVariantGroup;
			children = (
				DCFCC2C71B66256C00A8EE94 /* Base */,
			);
			name = LaunchScreen.xib;
			sourceTree = "<group>";
		};
/* End PBXVariantGroup section */

/* Begin XCBuildConfiguration section */
		DCFCC2D51B66256C00A8EE94 /* Debug */ = {
			isa = XCBuildConfiguration;
			buildSettings = {
				ALWAYS_SEARCH_USER_PATHS = NO;
				CLANG_CXX_LANGUAGE_STANDARD = "gnu++0x";
				CLANG_CXX_LIBRARY = "libc++";
				CLANG_ENABLE_MODULES = YES;
				CLANG_ENABLE_OBJC_ARC = YES;
				CLANG_WARN_BOOL_CONVERSION = YES;
				CLANG_WARN_CONSTANT_CONVERSION = YES;
				CLANG_WARN_DIRECT_OBJC_ISA_USAGE = YES_ERROR;
				CLANG_WARN_EMPTY_BODY = YES;
				CLANG_WARN_ENUM_CONVERSION = YES;
				CLANG_WARN_INT_CONVERSION = YES;
				CLANG_WARN_OBJC_ROOT_CLASS = YES_ERROR;
				CLANG_WARN_UNREACHABLE_CODE = YES;
				CLANG_WARN__DUPLICATE_METHOD_MATCH = YES;
				"CODE_SIGN_IDENTITY[sdk=iphoneos*]" = "iPhone Developer";
				COPY_PHASE_STRIP = NO;
				DEBUG_INFORMATION_FORMAT = "dwarf-with-dsym";
				ENABLE_STRICT_OBJC_MSGSEND = YES;
				GCC_C_LANGUAGE_STANDARD = gnu99;
				GCC_DYNAMIC_NO_PIC = NO;
				GCC_NO_COMMON_BLOCKS = YES;
				GCC_OPTIMIZATION_LEVEL = 0;
				GCC_PREPROCESSOR_DEFINITIONS = (
					"DEBUG=1",
					"$(inherited)",
				);
				GCC_SYMBOLS_PRIVATE_EXTERN = NO;
				GCC_WARN_64_TO_32_BIT_CONVERSION = YES;
				GCC_WARN_ABOUT_RETURN_TYPE = YES_ERROR;
				GCC_WARN_UNDECLARED_SELECTOR = YES;
				GCC_WARN_UNINITIALIZED_AUTOS = YES_AGGRESSIVE;
				GCC_WARN_UNUSED_FUNCTION = YES;
				GCC_WARN_UNUSED_VARIABLE = YES;
				IPHONEOS_DEPLOYMENT_TARGET = 8.4;
				MTL_ENABLE_DEBUG_INFO = YES;
				ONLY_ACTIVE_ARCH = YES;
				SDKROOT = iphoneos;
			};
			name = Debug;
		};
		DCFCC2D61B66256C00A8EE94 /* Release */ = {
			isa = XCBuildConfiguration;
			buildSettings = {
				ALWAYS_SEARCH_USER_PATHS = NO;
				CLANG_CXX_LANGUAGE_STANDARD = "gnu++0x";
				CLANG_CXX_LIBRARY = "libc++";
				CLANG_ENABLE_MODULES = YES;
				CLANG_ENABLE_OBJC_ARC = YES;
				CLANG_WARN_BOOL_CONVERSION = YES;
				CLANG_WARN_CONSTANT_CONVERSION = YES;
				CLANG_WARN_DIRECT_OBJC_ISA_USAGE = YES_ERROR;
				CLANG_WARN_EMPTY_BODY = YES;
				CLANG_WARN_ENUM_CONVERSION = YES;
				CLANG_WARN_INT_CONVERSION = YES;
				CLANG_WARN_OBJC_ROOT_CLASS = YES_ERROR;
				CLANG_WARN_UNREACHABLE_CODE = YES;
				CLANG_WARN__DUPLICATE_METHOD_MATCH = YES;
				"CODE_SIGN_IDENTITY[sdk=iphoneos*]" = "iPhone Developer";
				COPY_PHASE_STRIP = NO;
				DEBUG_INFORMATION_FORMAT = "dwarf-with-dsym";
				ENABLE_NS_ASSERTIONS = NO;
				ENABLE_STRICT_OBJC_MSGSEND = YES;
				GCC_C_LANGUAGE_STANDARD = gnu99;
				GCC_NO_COMMON_BLOCKS = YES;
				GCC_WARN_64_TO_32_BIT_CONVERSION = YES;
				GCC_WARN_ABOUT_RETURN_TYPE = YES_ERROR;
				GCC_WARN_UNDECLARED_SELECTOR = YES;
				GCC_WARN_UNINITIALIZED_AUTOS = YES_AGGRESSIVE;
				GCC_WARN_UNUSED_FUNCTION = YES;
				GCC_WARN_UNUSED_VARIABLE = YES;
				IPHONEOS_DEPLOYMENT_TARGET = 8.4;
				MTL_ENABLE_DEBUG_INFO = NO;
				SDKROOT = iphoneos;
				VALIDATE_PRODUCT = YES;
			};
			name = Release;
		};
		DCFCC2D81B66256C00A8EE94 /* Debug */ = {
			isa = XCBuildConfiguration;
			buildSettings = {
				ASSETCATALOG_COMPILER_APPICON_NAME = AppIcon;
				INFOPLIST_FILE = "01加法计算器/Info.plist";
				LD_RUNPATH_SEARCH_PATHS = "$(inherited) @executable_path/Frameworks";
				PRODUCT_NAME = "$(TARGET_NAME)";
			};
			name = Debug;
		};
		DCFCC2D91B66256C00A8EE94 /* Release */ = {
			isa = XCBuildConfiguration;
			buildSettings = {
				ASSETCATALOG_COMPILER_APPICON_NAME = AppIcon;
				INFOPLIST_FILE = "01加法计算器/Info.plist";
				LD_RUNPATH_SEARCH_PATHS = "$(inherited) @executable_path/Frameworks";
				PRODUCT_NAME = "$(TARGET_NAME)";
			};
			name = Release;
		};
		DCFCC2DB1B66256C00A8EE94 /* Debug */ = {
			isa = XCBuildConfiguration;
			buildSettings = {
				BUNDLE_LOADER = "$(TEST_HOST)";
				FRAMEWORK_SEARCH_PATHS = (
					"$(SDKROOT)/Developer/Library/Frameworks",
					"$(inherited)",
				);
				GCC_PREPROCESSOR_DEFINITIONS = (
					"DEBUG=1",
					"$(inherited)",
				);
				INFOPLIST_FILE = "01加法计算器Tests/Info.plist";
				LD_RUNPATH_SEARCH_PATHS = "$(inherited) @executable_path/Frameworks @loader_path/Frameworks";
				PRODUCT_NAME = "$(TARGET_NAME)";
				TEST_HOST = "$(BUILT_PRODUCTS_DIR)/01加法计算器.app/01加法计算器";
			};
			name = Debug;
		};
		DCFCC2DC1B66256C00A8EE94 /* Release */ = {
			isa = XCBuildConfiguration;
			buildSettings = {
				BUNDLE_LOADER = "$(TEST_HOST)";
				FRAMEWORK_SEARCH_PATHS = (
					"$(SDKROOT)/Developer/Library/Frameworks",
					"$(inherited)",
				);
				INFOPLIST_FILE = "01加法计算器Tests/Info.plist";
				LD_RUNPATH_SEARCH_PATHS = "$(inherited) @executable_path/Frameworks @loader_path/Frameworks";
				PRODUCT_NAME = "$(TARGET_NAME)";
				TEST_HOST = "$(BUILT_PRODUCTS_DIR)/01加法计算器.app/01加法计算器";
			};
			name = Release;
		};
/* End XCBuildConfiguration section */

/* Begin XCConfigurationList section */
		DCFCC2AF1B66256C00A8EE94 /* Build configuration list for PBXProject "01加法计算器" */ = {
			isa = XCConfigurationList;
			buildConfigurations = (
				DCFCC2D51B66256C00A8EE94 /* Debug */,
				DCFCC2D61B66256C00A8EE94 /* Release */,
			);
			defaultConfigurationIsVisible = 0;
			defaultConfigurationName = Release;
		};
		DCFCC2D71B66256C00A8EE94 /* Build configuration list for PBXNativeTarget "01加法计算器" */ = {
			isa = XCConfigurationList;
			buildConfigurations = (
				DCFCC2D81B66256C00A8EE94 /* Debug */,
				DCFCC2D91B66256C00A8EE94 /* Release */,
			);
			defaultConfigurationIsVisible = 0;
		};
		DCFCC2DA1B66256C00A8EE94 /* Build configuration list for PBXNativeTarget "01加法计算器Tests" */ = {
			isa = XCConfigurationList;
			buildConfigurations = (
				DCFCC2DB1B66256C00A8EE94 /* Debug */,
				DCFCC2DC1B66256C00A8EE94 /* Release */,
			);
			defaultConfigurationIsVisible = 0;
		};
/* End XCConfigurationList section */
	};
	rootObject = DCFCC2AC1B66256C00A8EE94 /* Project object */;
}
