// !$*UTF8*$!
{
	archiveVersion = 1;
	classes = {
	};
	objectVersion = 46;
	objects = {

/* Begin PBXBuildFile section */
		DC597E601B82B894008FB4EC /* main.m in Sources */ = {isa = PBXBuildFile; fileRef = DC597E5F1B82B894008FB4EC /* main.m */; };
		DC597E631B82B894008FB4EC /* AppDelegate.m in Sources */ = {isa = PBXBuildFile; fileRef = DC597E621B82B894008FB4EC /* AppDelegate.m */; };
		DC597E661B82B894008FB4EC /* ViewController.m in Sources */ = {isa = PBXBuildFile; fileRef = DC597E651B82B894008FB4EC /* ViewController.m */; };
		DC597E691B82B894008FB4EC /* Main.storyboard in Resources */ = {isa = PBXBuildFile; fileRef = DC597E671B82B894008FB4EC /* Main.storyboard */; };
		DC597E6B1B82B894008FB4EC /* Images.xcassets in Resources */ = {isa = PBXBuildFile; fileRef = DC597E6A1B82B894008FB4EC /* Images.xcassets */; };
		DC597E6E1B82B894008FB4EC /* LaunchScreen.xib in Resources */ = {isa = PBXBuildFile; fileRef = DC597E6C1B82B894008FB4EC /* LaunchScreen.xib */; };
		DC597E7A1B82B894008FB4EC /* viewControllerTests.m in Sources */ = {isa = PBXBuildFile; fileRef = DC597E791B82B894008FB4EC /* viewControllerTests.m */; };
/* End PBXBuildFile section */

/* Begin PBXContainerItemProxy section */
		DC597E741B82B894008FB4EC /* PBXContainerItemProxy */ = {
			isa = PBXContainerItemProxy;
			containerPortal = DC597E521B82B894008FB4EC /* Project object */;
			proxyType = 1;
			remoteGlobalIDString = DC597E591B82B894008FB4EC;
			remoteInfo = viewController;
		};
/* End PBXContainerItemProxy section */

/* Begin PBXFileReference section */
		DC597E5A1B82B894008FB4EC /* viewController.app */ = {isa = PBXFileReference; explicitFileType = wrapper.application; includeInIndex = 0; path = viewController.app; sourceTree = BUILT_PRODUCTS_DIR; };
		DC597E5E1B82B894008FB4EC /* Info.plist */ = {isa = PBXFileReference; lastKnownFileType = text.plist.xml; path = Info.plist; sourceTree = "<group>"; };
		DC597E5F1B82B894008FB4EC /* main.m */ = {isa = PBXFileReference; lastKnownFileType = sourcecode.c.objc; path = main.m; sourceTree = "<group>"; };
		DC597E611B82B894008FB4EC /* AppDelegate.h */ = {isa = PBXFileReference; lastKnownFileType = sourcecode.c.h; path = AppDelegate.h; sourceTree = "<group>"; };
		DC597E621B82B894008FB4EC /* AppDelegate.m */ = {isa = PBXFileReference; lastKnownFileType = sourcecode.c.objc; path = AppDelegate.m; sourceTree = "<group>"; };
		DC597E641B82B894008FB4EC /* ViewController.h */ = {isa = PBXFileReference; lastKnownFileType = sourcecode.c.h; path = ViewController.h; sourceTree = "<group>"; };
		DC597E651B82B894008FB4EC /* ViewController.m */ = {isa = PBXFileReference; lastKnownFileType = sourcecode.c.objc; path = ViewController.m; sourceTree = "<group>"; };
		DC597E681B82B894008FB4EC /* Base */ = {isa = PBXFileReference; lastKnownFileType = file.storyboard; name = Base; path = Base.lproj/Main.storyboard; sourceTree = "<group>"; };
		DC597E6A1B82B894008FB4EC /* Images.xcassets */ = {isa = PBXFileReference; lastKnownFileType = folder.assetcatalog; path = Images.xcassets; sourceTree = "<group>"; };
		DC597E6D1B82B894008FB4EC /* Base */ = {isa = PBXFileReference; lastKnownFileType = file.xib; name = Base; path = Base.lproj/LaunchScreen.xib; sourceTree = "<group>"; };
		DC597E731B82B894008FB4EC /* viewControllerTests.xctest */ = {isa = PBXFileReference; explicitFileType = wrapper.cfbundle; includeInIndex = 0; path = viewControllerTests.xctest; sourceTree = BUILT_PRODUCTS_DIR; };
		DC597E781B82B894008FB4EC /* Info.plist */ = {isa = PBXFileReference; lastKnownFileType = text.plist.xml; path = Info.plist; sourceTree = "<group>"; };
		DC597E791B82B894008FB4EC /* viewControllerTests.m */ = {isa = PBXFileReference; lastKnownFileType = sourcecode.c.objc; path = viewControllerTests.m; sourceTree = "<group>"; };
/* End PBXFileReference section */

/* Begin PBXFrameworksBuildPhase section */
		DC597E571B82B894008FB4EC /* Frameworks */ = {
			isa = PBXFrameworksBuildPhase;
			buildActionMask = 2147483647;
			files = (
			);
			runOnlyForDeploymentPostprocessing = 0;
		};
		DC597E701B82B894008FB4EC /* Frameworks */ = {
			isa = PBXFrameworksBuildPhase;
			buildActionMask = 2147483647;
			files = (
			);
			runOnlyForDeploymentPostprocessing = 0;
		};
/* End PBXFrameworksBuildPhase section */

/* Begin PBXGroup section */
		DC597E511B82B893008FB4EC = {
			isa = PBXGroup;
			children = (
				DC597E5C1B82B894008FB4EC /* viewController */,
				DC597E761B82B894008FB4EC /* viewControllerTests */,
				DC597E5B1B82B894008FB4EC /* Products */,
			);
			sourceTree = "<group>";
		};
		DC597E5B1B82B894008FB4EC /* Products */ = {
			isa = PBXGroup;
			children = (
				DC597E5A1B82B894008FB4EC /* viewController.app */,
				DC597E731B82B894008FB4EC /* viewControllerTests.xctest */,
			);
			name = Products;
			sourceTree = "<group>";
		};
		DC597E5C1B82B894008FB4EC /* viewController */ = {
			isa = PBXGroup;
			children = (
				DC597E611B82B894008FB4EC /* AppDelegate.h */,
				DC597E621B82B894008FB4EC /* AppDelegate.m */,
				DC597E641B82B894008FB4EC /* ViewController.h */,
				DC597E651B82B894008FB4EC /* ViewController.m */,
				DC597E671B82B894008FB4EC /* Main.storyboard */,
				DC597E6A1B82B894008FB4EC /* Images.xcassets */,
				DC597E6C1B82B894008FB4EC /* LaunchScreen.xib */,
				DC597E5D1B82B894008FB4EC /* Supporting Files */,
			);
			path = viewController;
			sourceTree = "<group>";
		};
		DC597E5D1B82B894008FB4EC /* Supporting Files */ = {
			isa = PBXGroup;
			children = (
				DC597E5E1B82B894008FB4EC /* Info.plist */,
				DC597E5F1B82B894008FB4EC /* main.m */,
			);
			name = "Supporting Files";
			sourceTree = "<group>";
		};
		DC597E761B82B894008FB4EC /* viewControllerTests */ = {
			isa = PBXGroup;
			children = (
				DC597E791B82B894008FB4EC /* viewControllerTests.m */,
				DC597E771B82B894008FB4EC /* Supporting Files */,
			);
			path = viewControllerTests;
			sourceTree = "<group>";
		};
		DC597E771B82B894008FB4EC /* Supporting Files */ = {
			isa = PBXGroup;
			children = (
				DC597E781B82B894008FB4EC /* Info.plist */,
			);
			name = "Supporting Files";
			sourceTree = "<group>";
		};
/* End PBXGroup section */

/* Begin PBXNativeTarget section */
		DC597E591B82B894008FB4EC /* viewController */ = {
			isa = PBXNativeTarget;
			buildConfigurationList = DC597E7D1B82B894008FB4EC /* Build configuration list for PBXNativeTarget "viewController" */;
			buildPhases = (
				DC597E561B82B894008FB4EC /* Sources */,
				DC597E571B82B894008FB4EC /* Frameworks */,
				DC597E581B82B894008FB4EC /* Resources */,
			);
			buildRules = (
			);
			dependencies = (
			);
			name = viewController;
			productName = viewController;
			productReference = DC597E5A1B82B894008FB4EC /* viewController.app */;
			productType = "com.apple.product-type.application";
		};
		DC597E721B82B894008FB4EC /* viewControllerTests */ = {
			isa = PBXNativeTarget;
			buildConfigurationList = DC597E801B82B894008FB4EC /* Build configuration list for PBXNativeTarget "viewControllerTests" */;
			buildPhases = (
				DC597E6F1B82B894008FB4EC /* Sources */,
				DC597E701B82B894008FB4EC /* Frameworks */,
				DC597E711B82B894008FB4EC /* Resources */,
			);
			buildRules = (
			);
			dependencies = (
				DC597E751B82B894008FB4EC /* PBXTargetDependency */,
			);
			name = viewControllerTests;
			productName = viewControllerTests;
			productReference = DC597E731B82B894008FB4EC /* viewControllerTests.xctest */;
			productType = "com.apple.product-type.bundle.unit-test";
		};
/* End PBXNativeTarget section */

/* Begin PBXProject section */
		DC597E521B82B894008FB4EC /* Project object */ = {
			isa = PBXProject;
			attributes = {
				LastUpgradeCheck = 0640;
				ORGANIZATIONNAME = YaguangZhu;
				TargetAttributes = {
					DC597E591B82B894008FB4EC = {
						CreatedOnToolsVersion = 6.4;
					};
					DC597E721B82B894008FB4EC = {
						CreatedOnToolsVersion = 6.4;
						TestTargetID = DC597E591B82B894008FB4EC;
					};
				};
			};
			buildConfigurationList = DC597E551B82B894008FB4EC /* Build configuration list for PBXProject "viewController" */;
			compatibilityVersion = "Xcode 3.2";
			developmentRegion = English;
			hasScannedForEncodings = 0;
			knownRegions = (
				en,
				Base,
			);
			mainGroup = DC597E511B82B893008FB4EC;
			productRefGroup = DC597E5B1B82B894008FB4EC /* Products */;
			projectDirPath = "";
			projectRoot = "";
			targets = (
				DC597E591B82B894008FB4EC /* viewController */,
				DC597E721B82B894008FB4EC /* viewControllerTests */,
			);
		};
/* End PBXProject section */

/* Begin PBXResourcesBuildPhase section */
		DC597E581B82B894008FB4EC /* Resources */ = {
			isa = PBXResourcesBuildPhase;
			buildActionMask = 2147483647;
			files = (
				DC597E691B82B894008FB4EC /* Main.storyboard in Resources */,
				DC597E6E1B82B894008FB4EC /* LaunchScreen.xib in Resources */,
				DC597E6B1B82B894008FB4EC /* Images.xcassets in Resources */,
			);
			runOnlyForDeploymentPostprocessing = 0;
		};
		DC597E711B82B894008FB4EC /* Resources */ = {
			isa = PBXResourcesBuildPhase;
			buildActionMask = 2147483647;
			files = (
			);
			runOnlyForDeploymentPostprocessing = 0;
		};
/* End PBXResourcesBuildPhase section */

/* Begin PBXSourcesBuildPhase section */
		DC597E561B82B894008FB4EC /* Sources */ = {
			isa = PBXSourcesBuildPhase;
			buildActionMask = 2147483647;
			files = (
				DC597E661B82B894008FB4EC /* ViewController.m in Sources */,
				DC597E631B82B894008FB4EC /* AppDelegate.m in Sources */,
				DC597E601B82B894008FB4EC /* main.m in Sources */,
			);
			runOnlyForDeploymentPostprocessing = 0;
		};
		DC597E6F1B82B894008FB4EC /* Sources */ = {
			isa = PBXSourcesBuildPhase;
			buildActionMask = 2147483647;
			files = (
				DC597E7A1B82B894008FB4EC /* viewControllerTests.m in Sources */,
			);
			runOnlyForDeploymentPostprocessing = 0;
		};
/* End PBXSourcesBuildPhase section */

/* Begin PBXTargetDependency section */
		DC597E751B82B894008FB4EC /* PBXTargetDependency */ = {
			isa = PBXTargetDependency;
			target = DC597E591B82B894008FB4EC /* viewController */;
			targetProxy = DC597E741B82B894008FB4EC /* PBXContainerItemProxy */;
		};
/* End PBXTargetDependency section */

/* Begin PBXVariantGroup section */
		DC597E671B82B894008FB4EC /* Main.storyboard */ = {
			isa = PBXVariantGroup;
			children = (
				DC597E681B82B894008FB4EC /* Base */,
			);
			name = Main.storyboard;
			sourceTree = "<group>";
		};
		DC597E6C1B82B894008FB4EC /* LaunchScreen.xib */ = {
			isa = PBXVariantGroup;
			children = (
				DC597E6D1B82B894008FB4EC /* Base */,
			);
			name = LaunchScreen.xib;
			sourceTree = "<group>";
		};
/* End PBXVariantGroup section */

/* Begin XCBuildConfiguration section */
		DC597E7B1B82B894008FB4EC /* Debug */ = {
			isa = XCBuildConfiguration;
			buildSettings = {
				ALWAYS_SEARCH_USER_PATHS = NO;
				CLANG_CXX_LANGUAGE_STANDARD = "gnu++0x";
				CLANG_CXX_LIBRARY = "libc++";
				CLANG_ENABLE_MODULES = YES;
				CLANG_ENABLE_OBJC_ARC = YES;
				CLANG_WARN_BOOL_CONVERSION = YES;
				CLANG_WARN_CONSTANT_CONVERSION = YES;
				CLANG_WARN_DIRECT_OBJC_ISA_USAGE = YES_ERROR;
				CLANG_WARN_EMPTY_BODY = YES;
				CLANG_WARN_ENUM_CONVERSION = YES;
				CLANG_WARN_INT_CONVERSION = YES;
				CLANG_WARN_OBJC_ROOT_CLASS = YES_ERROR;
				CLANG_WARN_UNREACHABLE_CODE = YES;
				CLANG_WARN__DUPLICATE_METHOD_MATCH = YES;
				"CODE_SIGN_IDENTITY[sdk=iphoneos*]" = "iPhone Developer";
				COPY_PHASE_STRIP = NO;
				DEBUG_INFORMATION_FORMAT = "dwarf-with-dsym";
				ENABLE_STRICT_OBJC_MSGSEND = YES;
				GCC_C_LANGUAGE_STANDARD = gnu99;
				GCC_DYNAMIC_NO_PIC = NO;
				GCC_NO_COMMON_BLOCKS = YES;
				GCC_OPTIMIZATION_LEVEL = 0;
				GCC_PREPROCESSOR_DEFINITIONS = (
					"DEBUG=1",
					"$(inherited)",
				);
				GCC_SYMBOLS_PRIVATE_EXTERN = NO;
				GCC_WARN_64_TO_32_BIT_CONVERSION = YES;
				GCC_WARN_ABOUT_RETURN_TYPE = YES_ERROR;
				GCC_WARN_UNDECLARED_SELECTOR = YES;
				GCC_WARN_UNINITIALIZED_AUTOS = YES_AGGRESSIVE;
				GCC_WARN_UNUSED_FUNCTION = YES;
				GCC_WARN_UNUSED_VARIABLE = YES;
				IPHONEOS_DEPLOYMENT_TARGET = 8.4;
				MTL_ENABLE_DEBUG_INFO = YES;
				ONLY_ACTIVE_ARCH = YES;
				SDKROOT = iphoneos;
			};
			name = Debug;
		};
		DC597E7C1B82B894008FB4EC /* Release */ = {
			isa = XCBuildConfiguration;
			buildSettings = {
				ALWAYS_SEARCH_USER_PATHS = NO;
				CLANG_CXX_LANGUAGE_STANDARD = "gnu++0x";
				CLANG_CXX_LIBRARY = "libc++";
				CLANG_ENABLE_MODULES = YES;
				CLANG_ENABLE_OBJC_ARC = YES;
				CLANG_WARN_BOOL_CONVERSION = YES;
				CLANG_WARN_CONSTANT_CONVERSION = YES;
				CLANG_WARN_DIRECT_OBJC_ISA_USAGE = YES_ERROR;
				CLANG_WARN_EMPTY_BODY = YES;
				CLANG_WARN_ENUM_CONVERSION = YES;
				CLANG_WARN_INT_CONVERSION = YES;
				CLANG_WARN_OBJC_ROOT_CLASS = YES_ERROR;
				CLANG_WARN_UNREACHABLE_CODE = YES;
				CLANG_WARN__DUPLICATE_METHOD_MATCH = YES;
				"CODE_SIGN_IDENTITY[sdk=iphoneos*]" = "iPhone Developer";
				COPY_PHASE_STRIP = NO;
				DEBUG_INFORMATION_FORMAT = "dwarf-with-dsym";
				ENABLE_NS_ASSERTIONS = NO;
				ENABLE_STRICT_OBJC_MSGSEND = YES;
				GCC_C_LANGUAGE_STANDARD = gnu99;
				GCC_NO_COMMON_BLOCKS = YES;
				GCC_WARN_64_TO_32_BIT_CONVERSION = YES;
				GCC_WARN_ABOUT_RETURN_TYPE = YES_ERROR;
				GCC_WARN_UNDECLARED_SELECTOR = YES;
				GCC_WARN_UNINITIALIZED_AUTOS = YES_AGGRESSIVE;
				GCC_WARN_UNUSED_FUNCTION = YES;
				GCC_WARN_UNUSED_VARIABLE = YES;
				IPHONEOS_DEPLOYMENT_TARGET = 8.4;
				MTL_ENABLE_DEBUG_INFO = NO;
				SDKROOT = iphoneos;
				VALIDATE_PRODUCT = YES;
			};
			name = Release;
		};
		DC597E7E1B82B894008FB4EC /* Debug */ = {
			isa = XCBuildConfiguration;
			buildSettings = {
				ASSETCATALOG_COMPILER_APPICON_NAME = AppIcon;
				INFOPLIST_FILE = viewController/Info.plist;
				LD_RUNPATH_SEARCH_PATHS = "$(inherited) @executable_path/Frameworks";
				PRODUCT_NAME = "$(TARGET_NAME)";
			};
			name = Debug;
		};
		DC597E7F1B82B894008FB4EC /* Release */ = {
			isa = XCBuildConfiguration;
			buildSettings = {
				ASSETCATALOG_COMPILER_APPICON_NAME = AppIcon;
				INFOPLIST_FILE = viewController/Info.plist;
				LD_RUNPATH_SEARCH_PATHS = "$(inherited) @executable_path/Frameworks";
				PRODUCT_NAME = "$(TARGET_NAME)";
			};
			name = Release;
		};
		DC597E811B82B894008FB4EC /* Debug */ = {
			isa = XCBuildConfiguration;
			buildSettings = {
				BUNDLE_LOADER = "$(TEST_HOST)";
				FRAMEWORK_SEARCH_PATHS = (
					"$(SDKROOT)/Developer/Library/Frameworks",
					"$(inherited)",
				);
				GCC_PREPROCESSOR_DEFINITIONS = (
					"DEBUG=1",
					"$(inherited)",
				);
				INFOPLIST_FILE = viewControllerTests/Info.plist;
				LD_RUNPATH_SEARCH_PATHS = "$(inherited) @executable_path/Frameworks @loader_path/Frameworks";
				PRODUCT_NAME = "$(TARGET_NAME)";
				TEST_HOST = "$(BUILT_PRODUCTS_DIR)/viewController.app/viewController";
			};
			name = Debug;
		};
		DC597E821B82B894008FB4EC /* Release */ = {
			isa = XCBuildConfiguration;
			buildSettings = {
				BUNDLE_LOADER = "$(TEST_HOST)";
				FRAMEWORK_SEARCH_PATHS = (
					"$(SDKROOT)/Developer/Library/Frameworks",
					"$(inherited)",
				);
				INFOPLIST_FILE = viewControllerTests/Info.plist;
				LD_RUNPATH_SEARCH_PATHS = "$(inherited) @executable_path/Frameworks @loader_path/Frameworks";
				PRODUCT_NAME = "$(TARGET_NAME)";
				TEST_HOST = "$(BUILT_PRODUCTS_DIR)/viewController.app/viewController";
			};
			name = Release;
		};
/* End XCBuildConfiguration section */

/* Begin XCConfigurationList section */
		DC597E551B82B894008FB4EC /* Build configuration list for PBXProject "viewController" */ = {
			isa = XCConfigurationList;
			buildConfigurations = (
				DC597E7B1B82B894008FB4EC /* Debug */,
				DC597E7C1B82B894008FB4EC /* Release */,
			);
			defaultConfigurationIsVisible = 0;
			defaultConfigurationName = Release;
		};
		DC597E7D1B82B894008FB4EC /* Build configuration list for PBXNativeTarget "viewController" */ = {
			isa = XCConfigurationList;
			buildConfigurations = (
				DC597E7E1B82B894008FB4EC /* Debug */,
				DC597E7F1B82B894008FB4EC /* Release */,
			);
			defaultConfigurationIsVisible = 0;
		};
		DC597E801B82B894008FB4EC /* Build configuration list for PBXNativeTarget "viewControllerTests" */ = {
			isa = XCConfigurationList;
			buildConfigurations = (
				DC597E811B82B894008FB4EC /* Debug */,
				DC597E821B82B894008FB4EC /* Release */,
			);
			defaultConfigurationIsVisible = 0;
		};
/* End XCConfigurationList section */
	};
	rootObject = DC597E521B82B894008FB4EC /* Project object */;
}
