// !$*UTF8*$!
{
	archiveVersion = 1;
	classes = {
	};
	objectVersion = 46;
	objects = {

/* Begin PBXBuildFile section */
		DCF854D91BA15A1400FC3990 /* main.m in Sources */ = {isa = PBXBuildFile; fileRef = DCF854D81BA15A1400FC3990 /* main.m */; };
		DCF854DC1BA15A1400FC3990 /* AppDelegate.m in Sources */ = {isa = PBXBuildFile; fileRef = DCF854DB1BA15A1400FC3990 /* AppDelegate.m */; };
		DCF854DF1BA15A1400FC3990 /* ViewController.m in Sources */ = {isa = PBXBuildFile; fileRef = DCF854DE1BA15A1400FC3990 /* ViewController.m */; };
		DCF854E21BA15A1400FC3990 /* Main.storyboard in Resources */ = {isa = PBXBuildFile; fileRef = DCF854E01BA15A1400FC3990 /* Main.storyboard */; };
		DCF854E41BA15A1400FC3990 /* Images.xcassets in Resources */ = {isa = PBXBuildFile; fileRef = DCF854E31BA15A1400FC3990 /* Images.xcassets */; };
		DCF854E71BA15A1400FC3990 /* LaunchScreen.xib in Resources */ = {isa = PBXBuildFile; fileRef = DCF854E51BA15A1400FC3990 /* LaunchScreen.xib */; };
		DCF854F31BA15A1400FC3990 /* __Tests.m in Sources */ = {isa = PBXBuildFile; fileRef = DCF854F21BA15A1400FC3990 /* __Tests.m */; };
		DCF855011BA1658C00FC3990 /* HMPaintView.m in Sources */ = {isa = PBXBuildFile; fileRef = DCF855001BA1658C00FC3990 /* HMPaintView.m */; };
		DCF855041BA1990600FC3990 /* HMPaintPath.m in Sources */ = {isa = PBXBuildFile; fileRef = DCF855031BA1990600FC3990 /* HMPaintPath.m */; };
		DCF8550B1BA1BB7900FC3990 /* MBProgressHUD+MJ.m in Sources */ = {isa = PBXBuildFile; fileRef = DCF855071BA1BB7900FC3990 /* MBProgressHUD+MJ.m */; };
		DCF8550C1BA1BB7900FC3990 /* MBProgressHUD.bundle in Resources */ = {isa = PBXBuildFile; fileRef = DCF855081BA1BB7900FC3990 /* MBProgressHUD.bundle */; };
		DCF8550D1BA1BB7900FC3990 /* MBProgressHUD.m in Sources */ = {isa = PBXBuildFile; fileRef = DCF8550A1BA1BB7900FC3990 /* MBProgressHUD.m */; };
		DCF855101BA1C6B300FC3990 /* HMHandleImageView.m in Sources */ = {isa = PBXBuildFile; fileRef = DCF8550F1BA1C6B300FC3990 /* HMHandleImageView.m */; };
/* End PBXBuildFile section */

/* Begin PBXContainerItemProxy section */
		DCF854ED1BA15A1400FC3990 /* PBXContainerItemProxy */ = {
			isa = PBXContainerItemProxy;
			containerPortal = DCF854CB1BA15A1400FC3990 /* Project object */;
			proxyType = 1;
			remoteGlobalIDString = DCF854D21BA15A1400FC3990;
			remoteInfo = "画板";
		};
/* End PBXContainerItemProxy section */

/* Begin PBXFileReference section */
		DCF854D31BA15A1400FC3990 /* 画板.app */ = {isa = PBXFileReference; explicitFileType = wrapper.application; includeInIndex = 0; path = "画板.app"; sourceTree = BUILT_PRODUCTS_DIR; };
		DCF854D71BA15A1400FC3990 /* Info.plist */ = {isa = PBXFileReference; lastKnownFileType = text.plist.xml; path = Info.plist; sourceTree = "<group>"; };
		DCF854D81BA15A1400FC3990 /* main.m */ = {isa = PBXFileReference; lastKnownFileType = sourcecode.c.objc; path = main.m; sourceTree = "<group>"; };
		DCF854DA1BA15A1400FC3990 /* AppDelegate.h */ = {isa = PBXFileReference; lastKnownFileType = sourcecode.c.h; path = AppDelegate.h; sourceTree = "<group>"; };
		DCF854DB1BA15A1400FC3990 /* AppDelegate.m */ = {isa = PBXFileReference; lastKnownFileType = sourcecode.c.objc; path = AppDelegate.m; sourceTree = "<group>"; };
		DCF854DD1BA15A1400FC3990 /* ViewController.h */ = {isa = PBXFileReference; lastKnownFileType = sourcecode.c.h; path = ViewController.h; sourceTree = "<group>"; };
		DCF854DE1BA15A1400FC3990 /* ViewController.m */ = {isa = PBXFileReference; lastKnownFileType = sourcecode.c.objc; path = ViewController.m; sourceTree = "<group>"; };
		DCF854E11BA15A1400FC3990 /* Base */ = {isa = PBXFileReference; lastKnownFileType = file.storyboard; name = Base; path = Base.lproj/Main.storyboard; sourceTree = "<group>"; };
		DCF854E31BA15A1400FC3990 /* Images.xcassets */ = {isa = PBXFileReference; lastKnownFileType = folder.assetcatalog; path = Images.xcassets; sourceTree = "<group>"; };
		DCF854E61BA15A1400FC3990 /* Base */ = {isa = PBXFileReference; lastKnownFileType = file.xib; name = Base; path = Base.lproj/LaunchScreen.xib; sourceTree = "<group>"; };
		DCF854EC1BA15A1400FC3990 /* 画板Tests.xctest */ = {isa = PBXFileReference; explicitFileType = wrapper.cfbundle; includeInIndex = 0; path = "画板Tests.xctest"; sourceTree = BUILT_PRODUCTS_DIR; };
		DCF854F11BA15A1400FC3990 /* Info.plist */ = {isa = PBXFileReference; lastKnownFileType = text.plist.xml; path = Info.plist; sourceTree = "<group>"; };
		DCF854F21BA15A1400FC3990 /* __Tests.m */ = {isa = PBXFileReference; lastKnownFileType = sourcecode.c.objc; path = __Tests.m; sourceTree = "<group>"; };
		DCF854FF1BA1658C00FC3990 /* HMPaintView.h */ = {isa = PBXFileReference; fileEncoding = 4; lastKnownFileType = sourcecode.c.h; path = HMPaintView.h; sourceTree = "<group>"; };
		DCF855001BA1658C00FC3990 /* HMPaintView.m */ = {isa = PBXFileReference; fileEncoding = 4; lastKnownFileType = sourcecode.c.objc; path = HMPaintView.m; sourceTree = "<group>"; };
		DCF855021BA1990600FC3990 /* HMPaintPath.h */ = {isa = PBXFileReference; fileEncoding = 4; lastKnownFileType = sourcecode.c.h; path = HMPaintPath.h; sourceTree = "<group>"; };
		DCF855031BA1990600FC3990 /* HMPaintPath.m */ = {isa = PBXFileReference; fileEncoding = 4; lastKnownFileType = sourcecode.c.objc; path = HMPaintPath.m; sourceTree = "<group>"; };
		DCF855061BA1BB7900FC3990 /* MBProgressHUD+MJ.h */ = {isa = PBXFileReference; fileEncoding = 4; lastKnownFileType = sourcecode.c.h; path = "MBProgressHUD+MJ.h"; sourceTree = "<group>"; };
		DCF855071BA1BB7900FC3990 /* MBProgressHUD+MJ.m */ = {isa = PBXFileReference; fileEncoding = 4; lastKnownFileType = sourcecode.c.objc; path = "MBProgressHUD+MJ.m"; sourceTree = "<group>"; };
		DCF855081BA1BB7900FC3990 /* MBProgressHUD.bundle */ = {isa = PBXFileReference; lastKnownFileType = "wrapper.plug-in"; path = MBProgressHUD.bundle; sourceTree = "<group>"; };
		DCF855091BA1BB7900FC3990 /* MBProgressHUD.h */ = {isa = PBXFileReference; fileEncoding = 4; lastKnownFileType = sourcecode.c.h; path = MBProgressHUD.h; sourceTree = "<group>"; };
		DCF8550A1BA1BB7900FC3990 /* MBProgressHUD.m */ = {isa = PBXFileReference; fileEncoding = 4; lastKnownFileType = sourcecode.c.objc; path = MBProgressHUD.m; sourceTree = "<group>"; };
		DCF8550E1BA1C6B300FC3990 /* HMHandleImageView.h */ = {isa = PBXFileReference; fileEncoding = 4; lastKnownFileType = sourcecode.c.h; path = HMHandleImageView.h; sourceTree = "<group>"; };
		DCF8550F1BA1C6B300FC3990 /* HMHandleImageView.m */ = {isa = PBXFileReference; fileEncoding = 4; lastKnownFileType = sourcecode.c.objc; path = HMHandleImageView.m; sourceTree = "<group>"; };
/* End PBXFileReference section */

/* Begin PBXFrameworksBuildPhase section */
		DCF854D01BA15A1400FC3990 /* Frameworks */ = {
			isa = PBXFrameworksBuildPhase;
			buildActionMask = 2147483647;
			files = (
			);
			runOnlyForDeploymentPostprocessing = 0;
		};
		DCF854E91BA15A1400FC3990 /* Frameworks */ = {
			isa = PBXFrameworksBuildPhase;
			buildActionMask = 2147483647;
			files = (
			);
			runOnlyForDeploymentPostprocessing = 0;
		};
/* End PBXFrameworksBuildPhase section */

/* Begin PBXGroup section */
		DCF854CA1BA15A1400FC3990 = {
			isa = PBXGroup;
			children = (
				DCF854D51BA15A1400FC3990 /* 画板 */,
				DCF854EF1BA15A1400FC3990 /* 画板Tests */,
				DCF854D41BA15A1400FC3990 /* Products */,
			);
			sourceTree = "<group>";
		};
		DCF854D41BA15A1400FC3990 /* Products */ = {
			isa = PBXGroup;
			children = (
				DCF854D31BA15A1400FC3990 /* 画板.app */,
				DCF854EC1BA15A1400FC3990 /* 画板Tests.xctest */,
			);
			name = Products;
			sourceTree = "<group>";
		};
		DCF854D51BA15A1400FC3990 /* 画板 */ = {
			isa = PBXGroup;
			children = (
				DCF854DA1BA15A1400FC3990 /* AppDelegate.h */,
				DCF854DB1BA15A1400FC3990 /* AppDelegate.m */,
				DCF854FF1BA1658C00FC3990 /* HMPaintView.h */,
				DCF855001BA1658C00FC3990 /* HMPaintView.m */,
				DCF854DD1BA15A1400FC3990 /* ViewController.h */,
				DCF855021BA1990600FC3990 /* HMPaintPath.h */,
				DCF855031BA1990600FC3990 /* HMPaintPath.m */,
				DCF8550E1BA1C6B300FC3990 /* HMHandleImageView.h */,
				DCF8550F1BA1C6B300FC3990 /* HMHandleImageView.m */,
				DCF855051BA1BB7900FC3990 /* MBProgressHUD */,
				DCF854DE1BA15A1400FC3990 /* ViewController.m */,
				DCF854E01BA15A1400FC3990 /* Main.storyboard */,
				DCF854E31BA15A1400FC3990 /* Images.xcassets */,
				DCF854E51BA15A1400FC3990 /* LaunchScreen.xib */,
				DCF854D61BA15A1400FC3990 /* Supporting Files */,
			);
			path = "画板";
			sourceTree = "<group>";
		};
		DCF854D61BA15A1400FC3990 /* Supporting Files */ = {
			isa = PBXGroup;
			children = (
				DCF854D71BA15A1400FC3990 /* Info.plist */,
				DCF854D81BA15A1400FC3990 /* main.m */,
			);
			name = "Supporting Files";
			sourceTree = "<group>";
		};
		DCF854EF1BA15A1400FC3990 /* 画板Tests */ = {
			isa = PBXGroup;
			children = (
				DCF854F21BA15A1400FC3990 /* __Tests.m */,
				DCF854F01BA15A1400FC3990 /* Supporting Files */,
			);
			path = "画板Tests";
			sourceTree = "<group>";
		};
		DCF854F01BA15A1400FC3990 /* Supporting Files */ = {
			isa = PBXGroup;
			children = (
				DCF854F11BA15A1400FC3990 /* Info.plist */,
			);
			name = "Supporting Files";
			sourceTree = "<group>";
		};
		DCF855051BA1BB7900FC3990 /* MBProgressHUD */ = {
			isa = PBXGroup;
			children = (
				DCF855061BA1BB7900FC3990 /* MBProgressHUD+MJ.h */,
				DCF855071BA1BB7900FC3990 /* MBProgressHUD+MJ.m */,
				DCF855081BA1BB7900FC3990 /* MBProgressHUD.bundle */,
				DCF855091BA1BB7900FC3990 /* MBProgressHUD.h */,
				DCF8550A1BA1BB7900FC3990 /* MBProgressHUD.m */,
			);
			path = MBProgressHUD;
			sourceTree = "<group>";
		};
/* End PBXGroup section */

/* Begin PBXNativeTarget section */
		DCF854D21BA15A1400FC3990 /* 画板 */ = {
			isa = PBXNativeTarget;
			buildConfigurationList = DCF854F61BA15A1400FC3990 /* Build configuration list for PBXNativeTarget "画板" */;
			buildPhases = (
				DCF854CF1BA15A1400FC3990 /* Sources */,
				DCF854D01BA15A1400FC3990 /* Frameworks */,
				DCF854D11BA15A1400FC3990 /* Resources */,
			);
			buildRules = (
			);
			dependencies = (
			);
			name = "画板";
			productName = "画板";
			productReference = DCF854D31BA15A1400FC3990 /* 画板.app */;
			productType = "com.apple.product-type.application";
		};
		DCF854EB1BA15A1400FC3990 /* 画板Tests */ = {
			isa = PBXNativeTarget;
			buildConfigurationList = DCF854F91BA15A1400FC3990 /* Build configuration list for PBXNativeTarget "画板Tests" */;
			buildPhases = (
				DCF854E81BA15A1400FC3990 /* Sources */,
				DCF854E91BA15A1400FC3990 /* Frameworks */,
				DCF854EA1BA15A1400FC3990 /* Resources */,
			);
			buildRules = (
			);
			dependencies = (
				DCF854EE1BA15A1400FC3990 /* PBXTargetDependency */,
			);
			name = "画板Tests";
			productName = "画板Tests";
			productReference = DCF854EC1BA15A1400FC3990 /* 画板Tests.xctest */;
			productType = "com.apple.product-type.bundle.unit-test";
		};
/* End PBXNativeTarget section */

/* Begin PBXProject section */
		DCF854CB1BA15A1400FC3990 /* Project object */ = {
			isa = PBXProject;
			attributes = {
				LastUpgradeCheck = 0640;
				ORGANIZATIONNAME = YaguangZhu;
				TargetAttributes = {
					DCF854D21BA15A1400FC3990 = {
						CreatedOnToolsVersion = 6.4;
					};
					DCF854EB1BA15A1400FC3990 = {
						CreatedOnToolsVersion = 6.4;
						TestTargetID = DCF854D21BA15A1400FC3990;
					};
				};
			};
			buildConfigurationList = DCF854CE1BA15A1400FC3990 /* Build configuration list for PBXProject "画板" */;
			compatibilityVersion = "Xcode 3.2";
			developmentRegion = English;
			hasScannedForEncodings = 0;
			knownRegions = (
				en,
				Base,
			);
			mainGroup = DCF854CA1BA15A1400FC3990;
			productRefGroup = DCF854D41BA15A1400FC3990 /* Products */;
			projectDirPath = "";
			projectRoot = "";
			targets = (
				DCF854D21BA15A1400FC3990 /* 画板 */,
				DCF854EB1BA15A1400FC3990 /* 画板Tests */,
			);
		};
/* End PBXProject section */

/* Begin PBXResourcesBuildPhase section */
		DCF854D11BA15A1400FC3990 /* Resources */ = {
			isa = PBXResourcesBuildPhase;
			buildActionMask = 2147483647;
			files = (
				DCF854E21BA15A1400FC3990 /* Main.storyboard in Resources */,
				DCF8550C1BA1BB7900FC3990 /* MBProgressHUD.bundle in Resources */,
				DCF854E71BA15A1400FC3990 /* LaunchScreen.xib in Resources */,
				DCF854E41BA15A1400FC3990 /* Images.xcassets in Resources */,
			);
			runOnlyForDeploymentPostprocessing = 0;
		};
		DCF854EA1BA15A1400FC3990 /* Resources */ = {
			isa = PBXResourcesBuildPhase;
			buildActionMask = 2147483647;
			files = (
			);
			runOnlyForDeploymentPostprocessing = 0;
		};
/* End PBXResourcesBuildPhase section */

/* Begin PBXSourcesBuildPhase section */
		DCF854CF1BA15A1400FC3990 /* Sources */ = {
			isa = PBXSourcesBuildPhase;
			buildActionMask = 2147483647;
			files = (
				DCF8550B1BA1BB7900FC3990 /* MBProgressHUD+MJ.m in Sources */,
				DCF855011BA1658C00FC3990 /* HMPaintView.m in Sources */,
				DCF854DF1BA15A1400FC3990 /* ViewController.m in Sources */,
				DCF854DC1BA15A1400FC3990 /* AppDelegate.m in Sources */,
				DCF854D91BA15A1400FC3990 /* main.m in Sources */,
				DCF855101BA1C6B300FC3990 /* HMHandleImageView.m in Sources */,
				DCF855041BA1990600FC3990 /* HMPaintPath.m in Sources */,
				DCF8550D1BA1BB7900FC3990 /* MBProgressHUD.m in Sources */,
			);
			runOnlyForDeploymentPostprocessing = 0;
		};
		DCF854E81BA15A1400FC3990 /* Sources */ = {
			isa = PBXSourcesBuildPhase;
			buildActionMask = 2147483647;
			files = (
				DCF854F31BA15A1400FC3990 /* __Tests.m in Sources */,
			);
			runOnlyForDeploymentPostprocessing = 0;
		};
/* End PBXSourcesBuildPhase section */

/* Begin PBXTargetDependency section */
		DCF854EE1BA15A1400FC3990 /* PBXTargetDependency */ = {
			isa = PBXTargetDependency;
			target = DCF854D21BA15A1400FC3990 /* 画板 */;
			targetProxy = DCF854ED1BA15A1400FC3990 /* PBXContainerItemProxy */;
		};
/* End PBXTargetDependency section */

/* Begin PBXVariantGroup section */
		DCF854E01BA15A1400FC3990 /* Main.storyboard */ = {
			isa = PBXVariantGroup;
			children = (
				DCF854E11BA15A1400FC3990 /* Base */,
			);
			name = Main.storyboard;
			sourceTree = "<group>";
		};
		DCF854E51BA15A1400FC3990 /* LaunchScreen.xib */ = {
			isa = PBXVariantGroup;
			children = (
				DCF854E61BA15A1400FC3990 /* Base */,
			);
			name = LaunchScreen.xib;
			sourceTree = "<group>";
		};
/* End PBXVariantGroup section */

/* Begin XCBuildConfiguration section */
		DCF854F41BA15A1400FC3990 /* Debug */ = {
			isa = XCBuildConfiguration;
			buildSettings = {
				ALWAYS_SEARCH_USER_PATHS = NO;
				CLANG_CXX_LANGUAGE_STANDARD = "gnu++0x";
				CLANG_CXX_LIBRARY = "libc++";
				CLANG_ENABLE_MODULES = YES;
				CLANG_ENABLE_OBJC_ARC = YES;
				CLANG_WARN_BOOL_CONVERSION = YES;
				CLANG_WARN_CONSTANT_CONVERSION = YES;
				CLANG_WARN_DIRECT_OBJC_ISA_USAGE = YES_ERROR;
				CLANG_WARN_EMPTY_BODY = YES;
				CLANG_WARN_ENUM_CONVERSION = YES;
				CLANG_WARN_INT_CONVERSION = YES;
				CLANG_WARN_OBJC_ROOT_CLASS = YES_ERROR;
				CLANG_WARN_UNREACHABLE_CODE = YES;
				CLANG_WARN__DUPLICATE_METHOD_MATCH = YES;
				"CODE_SIGN_IDENTITY[sdk=iphoneos*]" = "iPhone Developer";
				COPY_PHASE_STRIP = NO;
				DEBUG_INFORMATION_FORMAT = "dwarf-with-dsym";
				ENABLE_STRICT_OBJC_MSGSEND = YES;
				GCC_C_LANGUAGE_STANDARD = gnu99;
				GCC_DYNAMIC_NO_PIC = NO;
				GCC_NO_COMMON_BLOCKS = YES;
				GCC_OPTIMIZATION_LEVEL = 0;
				GCC_PREPROCESSOR_DEFINITIONS = (
					"DEBUG=1",
					"$(inherited)",
				);
				GCC_SYMBOLS_PRIVATE_EXTERN = NO;
				GCC_WARN_64_TO_32_BIT_CONVERSION = YES;
				GCC_WARN_ABOUT_RETURN_TYPE = YES_ERROR;
				GCC_WARN_UNDECLARED_SELECTOR = YES;
				GCC_WARN_UNINITIALIZED_AUTOS = YES_AGGRESSIVE;
				GCC_WARN_UNUSED_FUNCTION = YES;
				GCC_WARN_UNUSED_VARIABLE = YES;
				IPHONEOS_DEPLOYMENT_TARGET = 8.4;
				MTL_ENABLE_DEBUG_INFO = YES;
				ONLY_ACTIVE_ARCH = YES;
				SDKROOT = iphoneos;
			};
			name = Debug;
		};
		DCF854F51BA15A1400FC3990 /* Release */ = {
			isa = XCBuildConfiguration;
			buildSettings = {
				ALWAYS_SEARCH_USER_PATHS = NO;
				CLANG_CXX_LANGUAGE_STANDARD = "gnu++0x";
				CLANG_CXX_LIBRARY = "libc++";
				CLANG_ENABLE_MODULES = YES;
				CLANG_ENABLE_OBJC_ARC = YES;
				CLANG_WARN_BOOL_CONVERSION = YES;
				CLANG_WARN_CONSTANT_CONVERSION = YES;
				CLANG_WARN_DIRECT_OBJC_ISA_USAGE = YES_ERROR;
				CLANG_WARN_EMPTY_BODY = YES;
				CLANG_WARN_ENUM_CONVERSION = YES;
				CLANG_WARN_INT_CONVERSION = YES;
				CLANG_WARN_OBJC_ROOT_CLASS = YES_ERROR;
				CLANG_WARN_UNREACHABLE_CODE = YES;
				CLANG_WARN__DUPLICATE_METHOD_MATCH = YES;
				"CODE_SIGN_IDENTITY[sdk=iphoneos*]" = "iPhone Developer";
				COPY_PHASE_STRIP = NO;
				DEBUG_INFORMATION_FORMAT = "dwarf-with-dsym";
				ENABLE_NS_ASSERTIONS = NO;
				ENABLE_STRICT_OBJC_MSGSEND = YES;
				GCC_C_LANGUAGE_STANDARD = gnu99;
				GCC_NO_COMMON_BLOCKS = YES;
				GCC_WARN_64_TO_32_BIT_CONVERSION = YES;
				GCC_WARN_ABOUT_RETURN_TYPE = YES_ERROR;
				GCC_WARN_UNDECLARED_SELECTOR = YES;
				GCC_WARN_UNINITIALIZED_AUTOS = YES_AGGRESSIVE;
				GCC_WARN_UNUSED_FUNCTION = YES;
				GCC_WARN_UNUSED_VARIABLE = YES;
				IPHONEOS_DEPLOYMENT_TARGET = 8.4;
				MTL_ENABLE_DEBUG_INFO = NO;
				SDKROOT = iphoneos;
				VALIDATE_PRODUCT = YES;
			};
			name = Release;
		};
		DCF854F71BA15A1400FC3990 /* Debug */ = {
			isa = XCBuildConfiguration;
			buildSettings = {
				ASSETCATALOG_COMPILER_APPICON_NAME = AppIcon;
				INFOPLIST_FILE = "画板/Info.plist";
				LD_RUNPATH_SEARCH_PATHS = "$(inherited) @executable_path/Frameworks";
				PRODUCT_NAME = "$(TARGET_NAME)";
			};
			name = Debug;
		};
		DCF854F81BA15A1400FC3990 /* Release */ = {
			isa = XCBuildConfiguration;
			buildSettings = {
				ASSETCATALOG_COMPILER_APPICON_NAME = AppIcon;
				INFOPLIST_FILE = "画板/Info.plist";
				LD_RUNPATH_SEARCH_PATHS = "$(inherited) @executable_path/Frameworks";
				PRODUCT_NAME = "$(TARGET_NAME)";
			};
			name = Release;
		};
		DCF854FA1BA15A1400FC3990 /* Debug */ = {
			isa = XCBuildConfiguration;
			buildSettings = {
				BUNDLE_LOADER = "$(TEST_HOST)";
				FRAMEWORK_SEARCH_PATHS = (
					"$(SDKROOT)/Developer/Library/Frameworks",
					"$(inherited)",
				);
				GCC_PREPROCESSOR_DEFINITIONS = (
					"DEBUG=1",
					"$(inherited)",
				);
				INFOPLIST_FILE = "画板Tests/Info.plist";
				LD_RUNPATH_SEARCH_PATHS = "$(inherited) @executable_path/Frameworks @loader_path/Frameworks";
				PRODUCT_NAME = "$(TARGET_NAME)";
				TEST_HOST = "$(BUILT_PRODUCTS_DIR)/画板.app/画板";
			};
			name = Debug;
		};
		DCF854FB1BA15A1400FC3990 /* Release */ = {
			isa = XCBuildConfiguration;
			buildSettings = {
				BUNDLE_LOADER = "$(TEST_HOST)";
				FRAMEWORK_SEARCH_PATHS = (
					"$(SDKROOT)/Developer/Library/Frameworks",
					"$(inherited)",
				);
				INFOPLIST_FILE = "画板Tests/Info.plist";
				LD_RUNPATH_SEARCH_PATHS = "$(inherited) @executable_path/Frameworks @loader_path/Frameworks";
				PRODUCT_NAME = "$(TARGET_NAME)";
				TEST_HOST = "$(BUILT_PRODUCTS_DIR)/画板.app/画板";
			};
			name = Release;
		};
/* End XCBuildConfiguration section */

/* Begin XCConfigurationList section */
		DCF854CE1BA15A1400FC3990 /* Build configuration list for PBXProject "画板" */ = {
			isa = XCConfigurationList;
			buildConfigurations = (
				DCF854F41BA15A1400FC3990 /* Debug */,
				DCF854F51BA15A1400FC3990 /* Release */,
			);
			defaultConfigurationIsVisible = 0;
			defaultConfigurationName = Release;
		};
		DCF854F61BA15A1400FC3990 /* Build configuration list for PBXNativeTarget "画板" */ = {
			isa = XCConfigurationList;
			buildConfigurations = (
				DCF854F71BA15A1400FC3990 /* Debug */,
				DCF854F81BA15A1400FC3990 /* Release */,
			);
			defaultConfigurationIsVisible = 0;
		};
		DCF854F91BA15A1400FC3990 /* Build configuration list for PBXNativeTarget "画板Tests" */ = {
			isa = XCConfigurationList;
			buildConfigurations = (
				DCF854FA1BA15A1400FC3990 /* Debug */,
				DCF854FB1BA15A1400FC3990 /* Release */,
			);
			defaultConfigurationIsVisible = 0;
		};
/* End XCConfigurationList section */
	};
	rootObject = DCF854CB1BA15A1400FC3990 /* Project object */;
}
